
Microsoft Visual Studio Solution File, Format Version 12.00
# Visual Studio Version 16
VisualStudioVersion = 16.0.30114.105
MinimumVisualStudioVersion = 10.0.40219.1
Project("{FAE04EC0-301F-11D3-BF4B-00C04F79EFBC}") = "MultiVNC", "MultiVNC\MultiVNC.csproj", "{DD8856BB-384F-46A9-AD93-FCC203F4DC9E}"
	ProjectSection(ProjectDependencies) = postProject
		{E8604BDB-37F8-493A-887B-8418784E710D} = {E8604BDB-37F8-493A-887B-8418784E710D}
	EndProjectSection
EndProject
Project("{FAE04EC0-301F-11D3-BF4B-00C04F79EFBC}") = "CSharpWin32Common", "..\..\CSharpWin32Common\src\CSharpWin32Common\CSharpWin32Common\CSharpWin32Common.csproj", "{E8604BDB-37F8-493A-887B-8418784E710D}"
EndProject
Project("{FAE04EC0-301F-11D3-BF4B-00C04F79EFBC}") = "CSharpWin32Common.Tests", "..\..\CSharpWin32Common\src\CSharpWin32Common.Tests\CSharpWin32Common.Tests\CSharpWin32Common.Tests.csproj", "{E5401A9B-6696-46FC-B581-0C7DA365F833}"
EndProject
Global
	GlobalSection(SolutionConfigurationPlatforms) = preSolution
		Debug|Any CPU = Debug|Any CPU
		Release|Any CPU = Release|Any CPU
	EndGlobalSection
	GlobalSection(ProjectConfigurationPlatforms) = postSolution
		{DD8856BB-384F-46A9-AD93-FCC203F4DC9E}.Debug|Any CPU.ActiveCfg = Debug|Any CPU
		{DD8856BB-384F-46A9-AD93-FCC203F4DC9E}.Debug|Any CPU.Build.0 = Debug|Any CPU
		{DD8856BB-384F-46A9-AD93-FCC203F4DC9E}.Release|Any CPU.ActiveCfg = Release|Any CPU
		{DD8856BB-384F-46A9-AD93-FCC203F4DC9E}.Release|Any CPU.Build.0 = Release|Any CPU
		{E8604BDB-37F8-493A-887B-8418784E710D}.Debug|Any CPU.ActiveCfg = Debug|Any CPU
		{E8604BDB-37F8-493A-887B-8418784E710D}.Debug|Any CPU.Build.0 = Debug|Any CPU
		{E8604BDB-37F8-493A-887B-8418784E710D}.Release|Any CPU.ActiveCfg = Release|Any CPU
		{E8604BDB-37F8-493A-887B-8418784E710D}.Release|Any CPU.Build.0 = Release|Any CPU
		{E5401A9B-6696-46FC-B581-0C7DA365F833}.Debug|Any CPU.ActiveCfg = Debug|Any CPU
		{E5401A9B-6696-46FC-B581-0C7DA365F833}.Debug|Any CPU.Build.0 = Debug|Any CPU
		{E5401A9B-6696-46FC-B581-0C7DA365F833}.Release|Any CPU.ActiveCfg = Release|Any CPU
		{E5401A9B-6696-46FC-B581-0C7DA365F833}.Release|Any CPU.Build.0 = Release|Any CPU
	EndGlobalSection
	GlobalSection(SolutionProperties) = preSolution
		HideSolutionNode = FALSE
	EndGlobalSection
	GlobalSection(ExtensibilityGlobals) = postSolution
		SolutionGuid = {276A3DA3-1274-4BD9-9486-FC523F04732D}
	EndGlobalSection
EndGlobal
